
Microsoft Visual Studio Solution File, Format Version 12.00
# Visual Studio Version 16
VisualStudioVersion = 16.0.30104.148
MinimumVisualStudioVersion = 10.0.40219.1
Project("{FAE04EC0-301F-11D3-BF4B-00C04F79EFBC}") = "RateThisBook.Web", "RateThisBook.Web\RateThisBook.Web.csproj", "{5EAD38CD-7C0E-4C80-82BC-9AA862615B71}"
EndProject
Project("{FAE04EC0-301F-11D3-BF4B-00C04F79EFBC}") = "RateThisBook.Data", "RateThisBook.Data\RateThisBook.Data.csproj", "{8F95C899-017F-4FC9-B6DC-AF566D21A549}"
EndProject
Project("{FAE04EC0-301F-11D3-BF4B-00C04F79EFBC}") = "RateThisBook.Application", "RateThisBook.Application\RateThisBook.Application.csproj", "{D9C7E326-428C-4457-AEE8-7F2DEE65802C}"
EndProject
Global
	GlobalSection(SolutionConfigurationPlatforms) = preSolution
		Debug|Any CPU = Debug|Any CPU
		Release|Any CPU = Release|Any CPU
	EndGlobalSection
	GlobalSection(ProjectConfigurationPlatforms) = postSolution
		{5EAD38CD-7C0E-4C80-82BC-9AA862615B71}.Debug|Any CPU.ActiveCfg = Debug|Any CPU
		{5EAD38CD-7C0E-4C80-82BC-9AA862615B71}.Debug|Any CPU.Build.0 = Debug|Any CPU
		{5EAD38CD-7C0E-4C80-82BC-9AA862615B71}.Release|Any CPU.ActiveCfg = Release|Any CPU
		{5EAD38CD-7C0E-4C80-82BC-9AA862615B71}.Release|Any CPU.Build.0 = Release|Any CPU
		{8F95C899-017F-4FC9-B6DC-AF566D21A549}.Debug|Any CPU.ActiveCfg = Debug|Any CPU
		{8F95C899-017F-4FC9-B6DC-AF566D21A549}.Debug|Any CPU.Build.0 = Debug|Any CPU
		{8F95C899-017F-4FC9-B6DC-AF566D21A549}.Release|Any CPU.ActiveCfg = Release|Any CPU
		{8F95C899-017F-4FC9-B6DC-AF566D21A549}.Release|Any CPU.Build.0 = Release|Any CPU
		{D9C7E326-428C-4457-AEE8-7F2DEE65802C}.Debug|Any CPU.ActiveCfg = Debug|Any CPU
		{D9C7E326-428C-4457-AEE8-7F2DEE65802C}.Debug|Any CPU.Build.0 = Debug|Any CPU
		{D9C7E326-428C-4457-AEE8-7F2DEE65802C}.Release|Any CPU.ActiveCfg = Release|Any CPU
		{D9C7E326-428C-4457-AEE8-7F2DEE65802C}.Release|Any CPU.Build.0 = Release|Any CPU
	EndGlobalSection
	GlobalSection(SolutionProperties) = preSolution
		HideSolutionNode = FALSE
	EndGlobalSection
	GlobalSection(ExtensibilityGlobals) = postSolution
		SolutionGuid = {663B0E80-99BE-4B24-94C7-2851C1EF9957}
	EndGlobalSection
EndGlobal
